{
    "_meta": {
        "hash": {
            "sha256": "76709187e3f04cfce205b76e6d1b4bcc2adf64325c2bbc79c47fe68977a84c30"
        },
        "pipfile-spec": 6,
        "requires": {
            "python_version": "3.5"
        },
        "sources": [
            {
                "name": "pypi",
                "url": "https://pypi.org/simple",
                "verify_ssl": true
            }
        ]
    },
    "default": {
        "versioneer": {
            "hashes": [
                "sha256:08e395c0acc544f78645b9c0ebfccaf47950ae61e0c85bd1aaea98ff59609aeb",
                "sha256:ead1f78168150011189521b479d3a0dd2f55c94f5b07747b484fd693c3fbf335"
            ],
            "index": "pypi",
            "version": "==0.18"
        }
    },
    "develop": {
        "versioneer": {
            "hashes": [
                "sha256:08e395c0acc544f78645b9c0ebfccaf47950ae61e0c85bd1aaea98ff59609aeb",
                "sha256:ead1f78168150011189521b479d3a0dd2f55c94f5b07747b484fd693c3fbf335"
            ],
            "index": "pypi",
            "version": "==0.18"
        }
    }
}
